{
  "requires": true,
  "lockfileVersion": 1,
  "dependencies": {
    "three": {
      "version": "0.122.0",
      "resolved": "https://registry.npmjs.org/three/-/three-0.122.0.tgz",
      "integrity": "sha512-bgYMo0WdaQhf7DhLE8OSNN/rVFO5J4K1A2VeeKqoV4MjjuHjfCP6xLpg8Xedhns7NlEnN3sZ6VJROq19Qyl6Sg=="
    },
    "three-mesh-ui": {
      "version": "4.5.1",
      "resolved": "https://registry.npmjs.org/three-mesh-ui/-/three-mesh-ui-4.5.1.tgz",
      "integrity": "sha512-ZRihnkoJ/5aXvLZ0/kzMMQqOva55fUdA4hp37qU8URZ8N5RgarI2msSH0KvICgkCq5ISqZ48tzVw9SK6sHHttw==",
      "requires": {
        "three": "^0.122.0"
      }
    },
    "three.interaction": {
      "version": "0.2.3",
      "resolved": "https://registry.npmjs.org/three.interaction/-/three.interaction-0.2.3.tgz",
      "integrity": "sha512-gipj4E9WSASSys3SC5uU8HPmHodTDYmggJqKN5yjl6S2vG966EkGLu67jkXQoyB/yvGx38C72vHwdjICAh+avg=="
    }
  }
}
